
Microsoft Visual Studio Solution File, Format Version 12.00
# Visual Studio Version 17
VisualStudioVersion = 17.5.33414.496
MinimumVisualStudioVersion = 10.0.40219.1
Project("{FAE04EC0-301F-11D3-BF4B-00C04F79EFBC}") = "MVVM_VIEW", "MVVM_VIEW\MVVM_VIEW.csproj", "{58A9A6D5-0D00-409A-9571-C8F1B1376973}"
	ProjectSection(ProjectDependencies) = postProject
		{10E8EC5E-0199-4A8A-A31A-D7CFC2C275BF} = {10E8EC5E-0199-4A8A-A31A-D7CFC2C275BF}
	EndProjectSection
EndProject
Project("{8BC9CEB8-8B4A-11D0-8D11-00A0C91BC942}") = "MKL_DLL", "MKL_DLL\MKL_DLL.vcxproj", "{1D2ED4BD-387D-4990-B006-CF4DFD03533E}"
EndProject
Project("{FAE04EC0-301F-11D3-BF4B-00C04F79EFBC}") = "MVVM_MODEL", "MVVM_MODEL\MVVM_MODEL.csproj", "{37CFFC9C-85ED-4913-8949-DB02CF938542}"
	ProjectSection(ProjectDependencies) = postProject
		{1D2ED4BD-387D-4990-B006-CF4DFD03533E} = {1D2ED4BD-387D-4990-B006-CF4DFD03533E}
	EndProjectSection
EndProject
Project("{FAE04EC0-301F-11D3-BF4B-00C04F79EFBC}") = "MVVM_VIEWMODEL", "MVVM_VIEWMODEL\MVVM_VIEWMODEL.csproj", "{10E8EC5E-0199-4A8A-A31A-D7CFC2C275BF}"
	ProjectSection(ProjectDependencies) = postProject
		{37CFFC9C-85ED-4913-8949-DB02CF938542} = {37CFFC9C-85ED-4913-8949-DB02CF938542}
	EndProjectSection
EndProject
Project("{FAE04EC0-301F-11D3-BF4B-00C04F79EFBC}") = "TEST_MODEL", "TEST_MODEL\TEST_MODEL.csproj", "{3873C6A3-8837-4598-B618-9A9D2531A6D0}"
EndProject
Project("{FAE04EC0-301F-11D3-BF4B-00C04F79EFBC}") = "TEST_VIEWMODEL", "TEST_VIEWMODEL\TEST_VIEWMODEL.csproj", "{7F6D3668-851D-4B2D-ACCB-6325CF4968AE}"
EndProject
Global
	GlobalSection(SolutionConfigurationPlatforms) = preSolution
		Debug|Any CPU = Debug|Any CPU
		Debug|x64 = Debug|x64
		Debug|x86 = Debug|x86
		Release|Any CPU = Release|Any CPU
		Release|x64 = Release|x64
		Release|x86 = Release|x86
	EndGlobalSection
	GlobalSection(ProjectConfigurationPlatforms) = postSolution
		{58A9A6D5-0D00-409A-9571-C8F1B1376973}.Debug|Any CPU.ActiveCfg = Debug|Any CPU
		{58A9A6D5-0D00-409A-9571-C8F1B1376973}.Debug|Any CPU.Build.0 = Debug|Any CPU
		{58A9A6D5-0D00-409A-9571-C8F1B1376973}.Debug|x64.ActiveCfg = Debug|Any CPU
		{58A9A6D5-0D00-409A-9571-C8F1B1376973}.Debug|x64.Build.0 = Debug|Any CPU
		{58A9A6D5-0D00-409A-9571-C8F1B1376973}.Debug|x86.ActiveCfg = Debug|Any CPU
		{58A9A6D5-0D00-409A-9571-C8F1B1376973}.Debug|x86.Build.0 = Debug|Any CPU
		{58A9A6D5-0D00-409A-9571-C8F1B1376973}.Release|Any CPU.ActiveCfg = Release|Any CPU
		{58A9A6D5-0D00-409A-9571-C8F1B1376973}.Release|Any CPU.Build.0 = Release|Any CPU
		{58A9A6D5-0D00-409A-9571-C8F1B1376973}.Release|x64.ActiveCfg = Release|Any CPU
		{58A9A6D5-0D00-409A-9571-C8F1B1376973}.Release|x64.Build.0 = Release|Any CPU
		{58A9A6D5-0D00-409A-9571-C8F1B1376973}.Release|x86.ActiveCfg = Release|Any CPU
		{58A9A6D5-0D00-409A-9571-C8F1B1376973}.Release|x86.Build.0 = Release|Any CPU
		{1D2ED4BD-387D-4990-B006-CF4DFD03533E}.Debug|Any CPU.ActiveCfg = Debug|x64
		{1D2ED4BD-387D-4990-B006-CF4DFD03533E}.Debug|Any CPU.Build.0 = Debug|x64
		{1D2ED4BD-387D-4990-B006-CF4DFD03533E}.Debug|x64.ActiveCfg = Debug|x64
		{1D2ED4BD-387D-4990-B006-CF4DFD03533E}.Debug|x64.Build.0 = Debug|x64
		{1D2ED4BD-387D-4990-B006-CF4DFD03533E}.Debug|x86.ActiveCfg = Debug|Win32
		{1D2ED4BD-387D-4990-B006-CF4DFD03533E}.Debug|x86.Build.0 = Debug|Win32
		{1D2ED4BD-387D-4990-B006-CF4DFD03533E}.Release|Any CPU.ActiveCfg = Release|x64
		{1D2ED4BD-387D-4990-B006-CF4DFD03533E}.Release|Any CPU.Build.0 = Release|x64
		{1D2ED4BD-387D-4990-B006-CF4DFD03533E}.Release|x64.ActiveCfg = Release|x64
		{1D2ED4BD-387D-4990-B006-CF4DFD03533E}.Release|x64.Build.0 = Release|x64
		{1D2ED4BD-387D-4990-B006-CF4DFD03533E}.Release|x86.ActiveCfg = Release|Win32
		{1D2ED4BD-387D-4990-B006-CF4DFD03533E}.Release|x86.Build.0 = Release|Win32
		{37CFFC9C-85ED-4913-8949-DB02CF938542}.Debug|Any CPU.ActiveCfg = Debug|Any CPU
		{37CFFC9C-85ED-4913-8949-DB02CF938542}.Debug|Any CPU.Build.0 = Debug|Any CPU
		{37CFFC9C-85ED-4913-8949-DB02CF938542}.Debug|x64.ActiveCfg = Debug|Any CPU
		{37CFFC9C-85ED-4913-8949-DB02CF938542}.Debug|x64.Build.0 = Debug|Any CPU
		{37CFFC9C-85ED-4913-8949-DB02CF938542}.Debug|x86.ActiveCfg = Debug|Any CPU
		{37CFFC9C-85ED-4913-8949-DB02CF938542}.Debug|x86.Build.0 = Debug|Any CPU
		{37CFFC9C-85ED-4913-8949-DB02CF938542}.Release|Any CPU.ActiveCfg = Release|Any CPU
		{37CFFC9C-85ED-4913-8949-DB02CF938542}.Release|Any CPU.Build.0 = Release|Any CPU
		{37CFFC9C-85ED-4913-8949-DB02CF938542}.Release|x64.ActiveCfg = Release|Any CPU
		{37CFFC9C-85ED-4913-8949-DB02CF938542}.Release|x64.Build.0 = Release|Any CPU
		{37CFFC9C-85ED-4913-8949-DB02CF938542}.Release|x86.ActiveCfg = Release|Any CPU
		{37CFFC9C-85ED-4913-8949-DB02CF938542}.Release|x86.Build.0 = Release|Any CPU
		{10E8EC5E-0199-4A8A-A31A-D7CFC2C275BF}.Debug|Any CPU.ActiveCfg = Debug|Any CPU
		{10E8EC5E-0199-4A8A-A31A-D7CFC2C275BF}.Debug|Any CPU.Build.0 = Debug|Any CPU
		{10E8EC5E-0199-4A8A-A31A-D7CFC2C275BF}.Debug|x64.ActiveCfg = Debug|Any CPU
		{10E8EC5E-0199-4A8A-A31A-D7CFC2C275BF}.Debug|x64.Build.0 = Debug|Any CPU
		{10E8EC5E-0199-4A8A-A31A-D7CFC2C275BF}.Debug|x86.ActiveCfg = Debug|Any CPU
		{10E8EC5E-0199-4A8A-A31A-D7CFC2C275BF}.Debug|x86.Build.0 = Debug|Any CPU
		{10E8EC5E-0199-4A8A-A31A-D7CFC2C275BF}.Release|Any CPU.ActiveCfg = Release|Any CPU
		{10E8EC5E-0199-4A8A-A31A-D7CFC2C275BF}.Release|Any CPU.Build.0 = Release|Any CPU
		{10E8EC5E-0199-4A8A-A31A-D7CFC2C275BF}.Release|x64.ActiveCfg = Release|Any CPU
		{10E8EC5E-0199-4A8A-A31A-D7CFC2C275BF}.Release|x64.Build.0 = Release|Any CPU
		{10E8EC5E-0199-4A8A-A31A-D7CFC2C275BF}.Release|x86.ActiveCfg = Release|Any CPU
		{10E8EC5E-0199-4A8A-A31A-D7CFC2C275BF}.Release|x86.Build.0 = Release|Any CPU
		{3873C6A3-8837-4598-B618-9A9D2531A6D0}.Debug|Any CPU.ActiveCfg = Debug|Any CPU
		{3873C6A3-8837-4598-B618-9A9D2531A6D0}.Debug|Any CPU.Build.0 = Debug|Any CPU
		{3873C6A3-8837-4598-B618-9A9D2531A6D0}.Debug|x64.ActiveCfg = Debug|Any CPU
		{3873C6A3-8837-4598-B618-9A9D2531A6D0}.Debug|x64.Build.0 = Debug|Any CPU
		{3873C6A3-8837-4598-B618-9A9D2531A6D0}.Debug|x86.ActiveCfg = Debug|Any CPU
		{3873C6A3-8837-4598-B618-9A9D2531A6D0}.Debug|x86.Build.0 = Debug|Any CPU
		{3873C6A3-8837-4598-B618-9A9D2531A6D0}.Release|Any CPU.ActiveCfg = Release|Any CPU
		{3873C6A3-8837-4598-B618-9A9D2531A6D0}.Release|Any CPU.Build.0 = Release|Any CPU
		{3873C6A3-8837-4598-B618-9A9D2531A6D0}.Release|x64.ActiveCfg = Release|Any CPU
		{3873C6A3-8837-4598-B618-9A9D2531A6D0}.Release|x64.Build.0 = Release|Any CPU
		{3873C6A3-8837-4598-B618-9A9D2531A6D0}.Release|x86.ActiveCfg = Release|Any CPU
		{3873C6A3-8837-4598-B618-9A9D2531A6D0}.Release|x86.Build.0 = Release|Any CPU
		{7F6D3668-851D-4B2D-ACCB-6325CF4968AE}.Debug|Any CPU.ActiveCfg = Debug|Any CPU
		{7F6D3668-851D-4B2D-ACCB-6325CF4968AE}.Debug|Any CPU.Build.0 = Debug|Any CPU
		{7F6D3668-851D-4B2D-ACCB-6325CF4968AE}.Debug|x64.ActiveCfg = Debug|Any CPU
		{7F6D3668-851D-4B2D-ACCB-6325CF4968AE}.Debug|x64.Build.0 = Debug|Any CPU
		{7F6D3668-851D-4B2D-ACCB-6325CF4968AE}.Debug|x86.ActiveCfg = Debug|Any CPU
		{7F6D3668-851D-4B2D-ACCB-6325CF4968AE}.Debug|x86.Build.0 = Debug|Any CPU
		{7F6D3668-851D-4B2D-ACCB-6325CF4968AE}.Release|Any CPU.ActiveCfg = Release|Any CPU
		{7F6D3668-851D-4B2D-ACCB-6325CF4968AE}.Release|Any CPU.Build.0 = Release|Any CPU
		{7F6D3668-851D-4B2D-ACCB-6325CF4968AE}.Release|x64.ActiveCfg = Release|Any CPU
		{7F6D3668-851D-4B2D-ACCB-6325CF4968AE}.Release|x64.Build.0 = Release|Any CPU
		{7F6D3668-851D-4B2D-ACCB-6325CF4968AE}.Release|x86.ActiveCfg = Release|Any CPU
		{7F6D3668-851D-4B2D-ACCB-6325CF4968AE}.Release|x86.Build.0 = Release|Any CPU
	EndGlobalSection
	GlobalSection(SolutionProperties) = preSolution
		HideSolutionNode = FALSE
	EndGlobalSection
	GlobalSection(ExtensibilityGlobals) = postSolution
		SolutionGuid = {F571E4D3-1EBB-48D0-9E66-459B131501BF}
	EndGlobalSection
EndGlobal
